// !$*UTF8*$!
{
	archiveVersion = 1;
	classes = {
	};
	objectVersion = 46;
	objects = {

/* Begin PBXBuildFile section */
		3000F1491E034F4B00B00DB8 /* AppDelegate.swift in Sources */ = {isa = PBXBuildFile; fileRef = 3000F1481E034F4B00B00DB8 /* AppDelegate.swift */; };
		3000F14B1E034F4B00B00DB8 /* OverviewViewController.swift in Sources */ = {isa = PBXBuildFile; fileRef = 3000F14A1E034F4B00B00DB8 /* OverviewViewController.swift */; };
		3000F1501E034F4B00B00DB8 /* Main.storyboard in Resources */ = {isa = PBXBuildFile; fileRef = 3000F14E1E034F4B00B00DB8 /* Main.storyboard */; };
		3000F1521E034F4B00B00DB8 /* Assets.xcassets in Resources */ = {isa = PBXBuildFile; fileRef = 3000F1511E034F4B00B00DB8 /* Assets.xcassets */; };
		3000F1551E034F4B00B00DB8 /* LaunchScreen.storyboard in Resources */ = {isa = PBXBuildFile; fileRef = 3000F1531E034F4B00B00DB8 /* LaunchScreen.storyboard */; };
		3000F1601E034F4B00B00DB8 /* MealFitTests.swift in Sources */ = {isa = PBXBuildFile; fileRef = 3000F15F1E034F4B00B00DB8 /* MealFitTests.swift */; };
		3000F16B1E034F4B00B00DB8 /* MealFitUITests.swift in Sources */ = {isa = PBXBuildFile; fileRef = 3000F16A1E034F4B00B00DB8 /* MealFitUITests.swift */; };
		3000F1791E035FD900B00DB8 /* PantryViewController.swift in Sources */ = {isa = PBXBuildFile; fileRef = 3000F1781E035FD900B00DB8 /* PantryViewController.swift */; };
		304357701E0459F00085A710 /* MealTableViewCell.swift in Sources */ = {isa = PBXBuildFile; fileRef = 3043576F1E0459F00085A710 /* MealTableViewCell.swift */; };
		304357721E0466700085A710 /* MealTableViewController.swift in Sources */ = {isa = PBXBuildFile; fileRef = 304357711E0466700085A710 /* MealTableViewController.swift */; };
		304357741E0466E70085A710 /* Meal.swift in Sources */ = {isa = PBXBuildFile; fileRef = 304357731E0466E70085A710 /* Meal.swift */; };
/* End PBXBuildFile section */

/* Begin PBXContainerItemProxy section */
		3000F15C1E034F4B00B00DB8 /* PBXContainerItemProxy */ = {
			isa = PBXContainerItemProxy;
			containerPortal = 3000F13D1E034F4B00B00DB8 /* Project object */;
			proxyType = 1;
			remoteGlobalIDString = 3000F1441E034F4B00B00DB8;
			remoteInfo = MealFit;
		};
		3000F1671E034F4B00B00DB8 /* PBXContainerItemProxy */ = {
			isa = PBXContainerItemProxy;
			containerPortal = 3000F13D1E034F4B00B00DB8 /* Project object */;
			proxyType = 1;
			remoteGlobalIDString = 3000F1441E034F4B00B00DB8;
			remoteInfo = MealFit;
		};
/* End PBXContainerItemProxy section */

/* Begin PBXFileReference section */
		3000F1451E034F4B00B00DB8 /* MealFit.app */ = {isa = PBXFileReference; explicitFileType = wrapper.application; includeInIndex = 0; path = MealFit.app; sourceTree = BUILT_PRODUCTS_DIR; };
		3000F1481E034F4B00B00DB8 /* AppDelegate.swift */ = {isa = PBXFileReference; lastKnownFileType = sourcecode.swift; path = AppDelegate.swift; sourceTree = "<group>"; };
		3000F14A1E034F4B00B00DB8 /* OverviewViewController.swift */ = {isa = PBXFileReference; lastKnownFileType = sourcecode.swift; path = OverviewViewController.swift; sourceTree = "<group>"; };
		3000F14F1E034F4B00B00DB8 /* Base */ = {isa = PBXFileReference; lastKnownFileType = file.storyboard; name = Base; path = Base.lproj/Main.storyboard; sourceTree = "<group>"; };
		3000F1511E034F4B00B00DB8 /* Assets.xcassets */ = {isa = PBXFileReference; lastKnownFileType = folder.assetcatalog; path = Assets.xcassets; sourceTree = "<group>"; };
		3000F1541E034F4B00B00DB8 /* Base */ = {isa = PBXFileReference; lastKnownFileType = file.storyboard; name = Base; path = Base.lproj/LaunchScreen.storyboard; sourceTree = "<group>"; };
		3000F1561E034F4B00B00DB8 /* Info.plist */ = {isa = PBXFileReference; lastKnownFileType = text.plist.xml; path = Info.plist; sourceTree = "<group>"; };
		3000F15B1E034F4B00B00DB8 /* MealFitTests.xctest */ = {isa = PBXFileReference; explicitFileType = wrapper.cfbundle; includeInIndex = 0; path = MealFitTests.xctest; sourceTree = BUILT_PRODUCTS_DIR; };
		3000F15F1E034F4B00B00DB8 /* MealFitTests.swift */ = {isa = PBXFileReference; lastKnownFileType = sourcecode.swift; path = MealFitTests.swift; sourceTree = "<group>"; };
		3000F1611E034F4B00B00DB8 /* Info.plist */ = {isa = PBXFileReference; lastKnownFileType = text.plist.xml; path = Info.plist; sourceTree = "<group>"; };
		3000F1661E034F4B00B00DB8 /* MealFitUITests.xctest */ = {isa = PBXFileReference; explicitFileType = wrapper.cfbundle; includeInIndex = 0; path = MealFitUITests.xctest; sourceTree = BUILT_PRODUCTS_DIR; };
		3000F16A1E034F4B00B00DB8 /* MealFitUITests.swift */ = {isa = PBXFileReference; lastKnownFileType = sourcecode.swift; path = MealFitUITests.swift; sourceTree = "<group>"; };
		3000F16C1E034F4B00B00DB8 /* Info.plist */ = {isa = PBXFileReference; lastKnownFileType = text.plist.xml; path = Info.plist; sourceTree = "<group>"; };
		3000F1781E035FD900B00DB8 /* PantryViewController.swift */ = {isa = PBXFileReference; fileEncoding = 4; lastKnownFileType = sourcecode.swift; path = PantryViewController.swift; sourceTree = "<group>"; };
		3043576F1E0459F00085A710 /* MealTableViewCell.swift */ = {isa = PBXFileReference; fileEncoding = 4; lastKnownFileType = sourcecode.swift; name = MealTableViewCell.swift; path = ../MealTableViewCell.swift; sourceTree = "<group>"; };
		304357711E0466700085A710 /* MealTableViewController.swift */ = {isa = PBXFileReference; fileEncoding = 4; lastKnownFileType = sourcecode.swift; path = MealTableViewController.swift; sourceTree = "<group>"; };
		304357731E0466E70085A710 /* Meal.swift */ = {isa = PBXFileReference; fileEncoding = 4; lastKnownFileType = sourcecode.swift; path = Meal.swift; sourceTree = "<group>"; };
/* End PBXFileReference section */

/* Begin PBXFrameworksBuildPhase section */
		3000F1421E034F4B00B00DB8 /* Frameworks */ = {
			isa = PBXFrameworksBuildPhase;
			buildActionMask = 2147483647;
			files = (
			);
			runOnlyForDeploymentPostprocessing = 0;
		};
		3000F1581E034F4B00B00DB8 /* Frameworks */ = {
			isa = PBXFrameworksBuildPhase;
			buildActionMask = 2147483647;
			files = (
			);
			runOnlyForDeploymentPostprocessing = 0;
		};
		3000F1631E034F4B00B00DB8 /* Frameworks */ = {
			isa = PBXFrameworksBuildPhase;
			buildActionMask = 2147483647;
			files = (
			);
			runOnlyForDeploymentPostprocessing = 0;
		};
/* End PBXFrameworksBuildPhase section */

/* Begin PBXGroup section */
		3000F13C1E034F4B00B00DB8 = {
			isa = PBXGroup;
			children = (
				3000F1471E034F4B00B00DB8 /* MealFit */,
				3000F15E1E034F4B00B00DB8 /* MealFitTests */,
				3000F1691E034F4B00B00DB8 /* MealFitUITests */,
				3000F1461E034F4B00B00DB8 /* Products */,
			);
			sourceTree = "<group>";
		};
		3000F1461E034F4B00B00DB8 /* Products */ = {
			isa = PBXGroup;
			children = (
				3000F1451E034F4B00B00DB8 /* MealFit.app */,
				3000F15B1E034F4B00B00DB8 /* MealFitTests.xctest */,
				3000F1661E034F4B00B00DB8 /* MealFitUITests.xctest */,
			);
			name = Products;
			sourceTree = "<group>";
		};
		3000F1471E034F4B00B00DB8 /* MealFit */ = {
			isa = PBXGroup;
			children = (
				3000F1481E034F4B00B00DB8 /* AppDelegate.swift */,
				3000F14A1E034F4B00B00DB8 /* OverviewViewController.swift */,
				3000F14E1E034F4B00B00DB8 /* Main.storyboard */,
				3000F1781E035FD900B00DB8 /* PantryViewController.swift */,
				304357711E0466700085A710 /* MealTableViewController.swift */,
				3043576F1E0459F00085A710 /* MealTableViewCell.swift */,
				304357751E0467260085A710 /* Models */,
				3000F1511E034F4B00B00DB8 /* Assets.xcassets */,
				3000F1531E034F4B00B00DB8 /* LaunchScreen.storyboard */,
				3000F1561E034F4B00B00DB8 /* Info.plist */,
			);
			path = MealFit;
			sourceTree = "<group>";
		};
		3000F15E1E034F4B00B00DB8 /* MealFitTests */ = {
			isa = PBXGroup;
			children = (
				3000F15F1E034F4B00B00DB8 /* MealFitTests.swift */,
				3000F1611E034F4B00B00DB8 /* Info.plist */,
			);
			path = MealFitTests;
			sourceTree = "<group>";
		};
		3000F1691E034F4B00B00DB8 /* MealFitUITests */ = {
			isa = PBXGroup;
			children = (
				3000F16A1E034F4B00B00DB8 /* MealFitUITests.swift */,
				3000F16C1E034F4B00B00DB8 /* Info.plist */,
			);
			path = MealFitUITests;
			sourceTree = "<group>";
		};
		304357751E0467260085A710 /* Models */ = {
			isa = PBXGroup;
			children = (
				304357731E0466E70085A710 /* Meal.swift */,
			);
			name = Models;
			sourceTree = "<group>";
		};
/* End PBXGroup section */

/* Begin PBXNativeTarget section */
		3000F1441E034F4B00B00DB8 /* MealFit */ = {
			isa = PBXNativeTarget;
			buildConfigurationList = 3000F16F1E034F4B00B00DB8 /* Build configuration list for PBXNativeTarget "MealFit" */;
			buildPhases = (
				3000F1411E034F4B00B00DB8 /* Sources */,
				3000F1421E034F4B00B00DB8 /* Frameworks */,
				3000F1431E034F4B00B00DB8 /* Resources */,
			);
			buildRules = (
			);
			dependencies = (
			);
			name = MealFit;
			productName = MealFit;
			productReference = 3000F1451E034F4B00B00DB8 /* MealFit.app */;
			productType = "com.apple.product-type.application";
		};
		3000F15A1E034F4B00B00DB8 /* MealFitTests */ = {
			isa = PBXNativeTarget;
			buildConfigurationList = 3000F1721E034F4B00B00DB8 /* Build configuration list for PBXNativeTarget "MealFitTests" */;
			buildPhases = (
				3000F1571E034F4B00B00DB8 /* Sources */,
				3000F1581E034F4B00B00DB8 /* Frameworks */,
				3000F1591E034F4B00B00DB8 /* Resources */,
			);
			buildRules = (
			);
			dependencies = (
				3000F15D1E034F4B00B00DB8 /* PBXTargetDependency */,
			);
			name = MealFitTests;
			productName = MealFitTests;
			productReference = 3000F15B1E034F4B00B00DB8 /* MealFitTests.xctest */;
			productType = "com.apple.product-type.bundle.unit-test";
		};
		3000F1651E034F4B00B00DB8 /* MealFitUITests */ = {
			isa = PBXNativeTarget;
			buildConfigurationList = 3000F1751E034F4B00B00DB8 /* Build configuration list for PBXNativeTarget "MealFitUITests" */;
			buildPhases = (
				3000F1621E034F4B00B00DB8 /* Sources */,
				3000F1631E034F4B00B00DB8 /* Frameworks */,
				3000F1641E034F4B00B00DB8 /* Resources */,
			);
			buildRules = (
			);
			dependencies = (
				3000F1681E034F4B00B00DB8 /* PBXTargetDependency */,
			);
			name = MealFitUITests;
			productName = MealFitUITests;
			productReference = 3000F1661E034F4B00B00DB8 /* MealFitUITests.xctest */;
			productType = "com.apple.product-type.bundle.ui-testing";
		};
/* End PBXNativeTarget section */

/* Begin PBXProject section */
		3000F13D1E034F4B00B00DB8 /* Project object */ = {
			isa = PBXProject;
			attributes = {
				LastSwiftUpdateCheck = 0820;
				LastUpgradeCheck = 0820;
				ORGANIZATIONNAME = "Danny Garcia";
				TargetAttributes = {
					3000F1441E034F4B00B00DB8 = {
						CreatedOnToolsVersion = 8.2;
						DevelopmentTeam = 2Z275P4TG4;
						ProvisioningStyle = Automatic;
					};
					3000F15A1E034F4B00B00DB8 = {
						CreatedOnToolsVersion = 8.2;
						ProvisioningStyle = Automatic;
						TestTargetID = 3000F1441E034F4B00B00DB8;
					};
					3000F1651E034F4B00B00DB8 = {
						CreatedOnToolsVersion = 8.2;
						ProvisioningStyle = Automatic;
						TestTargetID = 3000F1441E034F4B00B00DB8;
					};
				};
			};
			buildConfigurationList = 3000F1401E034F4B00B00DB8 /* Build configuration list for PBXProject "MealFit" */;
			compatibilityVersion = "Xcode 3.2";
			developmentRegion = English;
			hasScannedForEncodings = 0;
			knownRegions = (
				en,
				Base,
			);
			mainGroup = 3000F13C1E034F4B00B00DB8;
			productRefGroup = 3000F1461E034F4B00B00DB8 /* Products */;
			projectDirPath = "";
			projectRoot = "";
			targets = (
				3000F1441E034F4B00B00DB8 /* MealFit */,
				3000F15A1E034F4B00B00DB8 /* MealFitTests */,
				3000F1651E034F4B00B00DB8 /* MealFitUITests */,
			);
		};
/* End PBXProject section */

/* Begin PBXResourcesBuildPhase section */
		3000F1431E034F4B00B00DB8 /* Resources */ = {
			isa = PBXResourcesBuildPhase;
			buildActionMask = 2147483647;
			files = (
				3000F1551E034F4B00B00DB8 /* LaunchScreen.storyboard in Resources */,
				3000F1521E034F4B00B00DB8 /* Assets.xcassets in Resources */,
				3000F1501E034F4B00B00DB8 /* Main.storyboard in Resources */,
			);
			runOnlyForDeploymentPostprocessing = 0;
		};
		3000F1591E034F4B00B00DB8 /* Resources */ = {
			isa = PBXResourcesBuildPhase;
			buildActionMask = 2147483647;
			files = (
			);
			runOnlyForDeploymentPostprocessing = 0;
		};
		3000F1641E034F4B00B00DB8 /* Resources */ = {
			isa = PBXResourcesBuildPhase;
			buildActionMask = 2147483647;
			files = (
			);
			runOnlyForDeploymentPostprocessing = 0;
		};
/* End PBXResourcesBuildPhase section */

/* Begin PBXSourcesBuildPhase section */
		3000F1411E034F4B00B00DB8 /* Sources */ = {
			isa = PBXSourcesBuildPhase;
			buildActionMask = 2147483647;
			files = (
				304357721E0466700085A710 /* MealTableViewController.swift in Sources */,
				304357701E0459F00085A710 /* MealTableViewCell.swift in Sources */,
				3000F1491E034F4B00B00DB8 /* AppDelegate.swift in Sources */,
				3000F1791E035FD900B00DB8 /* PantryViewController.swift in Sources */,
				304357741E0466E70085A710 /* Meal.swift in Sources */,
				3000F14B1E034F4B00B00DB8 /* OverviewViewController.swift in Sources */,
			);
			runOnlyForDeploymentPostprocessing = 0;
		};
		3000F1571E034F4B00B00DB8 /* Sources */ = {
			isa = PBXSourcesBuildPhase;
			buildActionMask = 2147483647;
			files = (
				3000F1601E034F4B00B00DB8 /* MealFitTests.swift in Sources */,
			);
			runOnlyForDeploymentPostprocessing = 0;
		};
		3000F1621E034F4B00B00DB8 /* Sources */ = {
			isa = PBXSourcesBuildPhase;
			buildActionMask = 2147483647;
			files = (
				3000F16B1E034F4B00B00DB8 /* MealFitUITests.swift in Sources */,
			);
			runOnlyForDeploymentPostprocessing = 0;
		};
/* End PBXSourcesBuildPhase section */

/* Begin PBXTargetDependency section */
		3000F15D1E034F4B00B00DB8 /* PBXTargetDependency */ = {
			isa = PBXTargetDependency;
			target = 3000F1441E034F4B00B00DB8 /* MealFit */;
			targetProxy = 3000F15C1E034F4B00B00DB8 /* PBXContainerItemProxy */;
		};
		3000F1681E034F4B00B00DB8 /* PBXTargetDependency */ = {
			isa = PBXTargetDependency;
			target = 3000F1441E034F4B00B00DB8 /* MealFit */;
			targetProxy = 3000F1671E034F4B00B00DB8 /* PBXContainerItemProxy */;
		};
/* End PBXTargetDependency section */

/* Begin PBXVariantGroup section */
		3000F14E1E034F4B00B00DB8 /* Main.storyboard */ = {
			isa = PBXVariantGroup;
			children = (
				3000F14F1E034F4B00B00DB8 /* Base */,
			);
			name = Main.storyboard;
			sourceTree = "<group>";
		};
		3000F1531E034F4B00B00DB8 /* LaunchScreen.storyboard */ = {
			isa = PBXVariantGroup;
			children = (
				3000F1541E034F4B00B00DB8 /* Base */,
			);
			name = LaunchScreen.storyboard;
			sourceTree = "<group>";
		};
/* End PBXVariantGroup section */

/* Begin XCBuildConfiguration section */
		3000F16D1E034F4B00B00DB8 /* Debug */ = {
			isa = XCBuildConfiguration;
			buildSettings = {
				ALWAYS_SEARCH_USER_PATHS = NO;
				CLANG_ANALYZER_NONNULL = YES;
				CLANG_CXX_LANGUAGE_STANDARD = "gnu++0x";
				CLANG_CXX_LIBRARY = "libc++";
				CLANG_ENABLE_MODULES = YES;
				CLANG_ENABLE_OBJC_ARC = YES;
				CLANG_WARN_BOOL_CONVERSION = YES;
				CLANG_WARN_CONSTANT_CONVERSION = YES;
				CLANG_WARN_DIRECT_OBJC_ISA_USAGE = YES_ERROR;
				CLANG_WARN_DOCUMENTATION_COMMENTS = YES;
				CLANG_WARN_EMPTY_BODY = YES;
				CLANG_WARN_ENUM_CONVERSION = YES;
				CLANG_WARN_INFINITE_RECURSION = YES;
				CLANG_WARN_INT_CONVERSION = YES;
				CLANG_WARN_OBJC_ROOT_CLASS = YES_ERROR;
				CLANG_WARN_SUSPICIOUS_MOVE = YES;
				CLANG_WARN_UNREACHABLE_CODE = YES;
				CLANG_WARN__DUPLICATE_METHOD_MATCH = YES;
				"CODE_SIGN_IDENTITY[sdk=iphoneos*]" = "iPhone Developer";
				COPY_PHASE_STRIP = NO;
				DEBUG_INFORMATION_FORMAT = dwarf;
				ENABLE_STRICT_OBJC_MSGSEND = YES;
				ENABLE_TESTABILITY = YES;
				GCC_C_LANGUAGE_STANDARD = gnu99;
				GCC_DYNAMIC_NO_PIC = NO;
				GCC_NO_COMMON_BLOCKS = YES;
				GCC_OPTIMIZATION_LEVEL = 0;
				GCC_PREPROCESSOR_DEFINITIONS = (
					"DEBUG=1",
					"$(inherited)",
				);
				GCC_WARN_64_TO_32_BIT_CONVERSION = YES;
				GCC_WARN_ABOUT_RETURN_TYPE = YES_ERROR;
				GCC_WARN_UNDECLARED_SELECTOR = YES;
				GCC_WARN_UNINITIALIZED_AUTOS = YES_AGGRESSIVE;
				GCC_WARN_UNUSED_FUNCTION = YES;
				GCC_WARN_UNUSED_VARIABLE = YES;
				IPHONEOS_DEPLOYMENT_TARGET = 10.2;
				MTL_ENABLE_DEBUG_INFO = YES;
				ONLY_ACTIVE_ARCH = YES;
				SDKROOT = iphoneos;
				SWIFT_ACTIVE_COMPILATION_CONDITIONS = DEBUG;
				SWIFT_OPTIMIZATION_LEVEL = "-Onone";
			};
			name = Debug;
		};
		3000F16E1E034F4B00B00DB8 /* Release */ = {
			isa = XCBuildConfiguration;
			buildSettings = {
				ALWAYS_SEARCH_USER_PATHS = NO;
				CLANG_ANALYZER_NONNULL = YES;
				CLANG_CXX_LANGUAGE_STANDARD = "gnu++0x";
				CLANG_CXX_LIBRARY = "libc++";
				CLANG_ENABLE_MODULES = YES;
				CLANG_ENABLE_OBJC_ARC = YES;
				CLANG_WARN_BOOL_CONVERSION = YES;
				CLANG_WARN_CONSTANT_CONVERSION = YES;
				CLANG_WARN_DIRECT_OBJC_ISA_USAGE = YES_ERROR;
				CLANG_WARN_DOCUMENTATION_COMMENTS = YES;
				CLANG_WARN_EMPTY_BODY = YES;
				CLANG_WARN_ENUM_CONVERSION = YES;
				CLANG_WARN_INFINITE_RECURSION = YES;
				CLANG_WARN_INT_CONVERSION = YES;
				CLANG_WARN_OBJC_ROOT_CLASS = YES_ERROR;
				CLANG_WARN_SUSPICIOUS_MOVE = YES;
				CLANG_WARN_UNREACHABLE_CODE = YES;
				CLANG_WARN__DUPLICATE_METHOD_MATCH = YES;
				"CODE_SIGN_IDENTITY[sdk=iphoneos*]" = "iPhone Developer";
				COPY_PHASE_STRIP = NO;
				DEBUG_INFORMATION_FORMAT = "dwarf-with-dsym";
				ENABLE_NS_ASSERTIONS = NO;
				ENABLE_STRICT_OBJC_MSGSEND = YES;
				GCC_C_LANGUAGE_STANDARD = gnu99;
				GCC_NO_COMMON_BLOCKS = YES;
				GCC_WARN_64_TO_32_BIT_CONVERSION = YES;
				GCC_WARN_ABOUT_RETURN_TYPE = YES_ERROR;
				GCC_WARN_UNDECLARED_SELECTOR = YES;
				GCC_WARN_UNINITIALIZED_AUTOS = YES_AGGRESSIVE;
				GCC_WARN_UNUSED_FUNCTION = YES;
				GCC_WARN_UNUSED_VARIABLE = YES;
				IPHONEOS_DEPLOYMENT_TARGET = 10.2;
				MTL_ENABLE_DEBUG_INFO = NO;
				SDKROOT = iphoneos;
				SWIFT_OPTIMIZATION_LEVEL = "-Owholemodule";
				VALIDATE_PRODUCT = YES;
			};
			name = Release;
		};
		3000F1701E034F4B00B00DB8 /* Debug */ = {
			isa = XCBuildConfiguration;
			buildSettings = {
				ASSETCATALOG_COMPILER_APPICON_NAME = AppIcon;
				DEVELOPMENT_TEAM = 2Z275P4TG4;
				INFOPLIST_FILE = MealFit/Info.plist;
				LD_RUNPATH_SEARCH_PATHS = "$(inherited) @executable_path/Frameworks";
				PRODUCT_BUNDLE_IDENTIFIER = io.whatilearnedtoday.MealFit;
				PRODUCT_NAME = "$(TARGET_NAME)";
				SWIFT_VERSION = 3.0;
			};
			name = Debug;
		};
		3000F1711E034F4B00B00DB8 /* Release */ = {
			isa = XCBuildConfiguration;
			buildSettings = {
				ASSETCATALOG_COMPILER_APPICON_NAME = AppIcon;
				DEVELOPMENT_TEAM = 2Z275P4TG4;
				INFOPLIST_FILE = MealFit/Info.plist;
				LD_RUNPATH_SEARCH_PATHS = "$(inherited) @executable_path/Frameworks";
				PRODUCT_BUNDLE_IDENTIFIER = io.whatilearnedtoday.MealFit;
				PRODUCT_NAME = "$(TARGET_NAME)";
				SWIFT_VERSION = 3.0;
			};
			name = Release;
		};
		3000F1731E034F4B00B00DB8 /* Debug */ = {
			isa = XCBuildConfiguration;
			buildSettings = {
				ALWAYS_EMBED_SWIFT_STANDARD_LIBRARIES = YES;
				BUNDLE_LOADER = "$(TEST_HOST)";
				INFOPLIST_FILE = MealFitTests/Info.plist;
				LD_RUNPATH_SEARCH_PATHS = "$(inherited) @executable_path/Frameworks @loader_path/Frameworks";
				PRODUCT_BUNDLE_IDENTIFIER = io.whatilearnedtoday.MealFitTests;
				PRODUCT_NAME = "$(TARGET_NAME)";
				SWIFT_VERSION = 3.0;
				TEST_HOST = "$(BUILT_PRODUCTS_DIR)/MealFit.app/MealFit";
			};
			name = Debug;
		};
		3000F1741E034F4B00B00DB8 /* Release */ = {
			isa = XCBuildConfiguration;
			buildSettings = {
				ALWAYS_EMBED_SWIFT_STANDARD_LIBRARIES = YES;
				BUNDLE_LOADER = "$(TEST_HOST)";
				INFOPLIST_FILE = MealFitTests/Info.plist;
				LD_RUNPATH_SEARCH_PATHS = "$(inherited) @executable_path/Frameworks @loader_path/Frameworks";
				PRODUCT_BUNDLE_IDENTIFIER = io.whatilearnedtoday.MealFitTests;
				PRODUCT_NAME = "$(TARGET_NAME)";
				SWIFT_VERSION = 3.0;
				TEST_HOST = "$(BUILT_PRODUCTS_DIR)/MealFit.app/MealFit";
			};
			name = Release;
		};
		3000F1761E034F4B00B00DB8 /* Debug */ = {
			isa = XCBuildConfiguration;
			buildSettings = {
				ALWAYS_EMBED_SWIFT_STANDARD_LIBRARIES = YES;
				INFOPLIST_FILE = MealFitUITests/Info.plist;
				LD_RUNPATH_SEARCH_PATHS = "$(inherited) @executable_path/Frameworks @loader_path/Frameworks";
				PRODUCT_BUNDLE_IDENTIFIER = io.whatilearnedtoday.MealFitUITests;
				PRODUCT_NAME = "$(TARGET_NAME)";
				SWIFT_VERSION = 3.0;
				TEST_TARGET_NAME = MealFit;
			};
			name = Debug;
		};
		3000F1771E034F4B00B00DB8 /* Release */ = {
			isa = XCBuildConfiguration;
			buildSettings = {
				ALWAYS_EMBED_SWIFT_STANDARD_LIBRARIES = YES;
				INFOPLIST_FILE = MealFitUITests/Info.plist;
				LD_RUNPATH_SEARCH_PATHS = "$(inherited) @executable_path/Frameworks @loader_path/Frameworks";
				PRODUCT_BUNDLE_IDENTIFIER = io.whatilearnedtoday.MealFitUITests;
				PRODUCT_NAME = "$(TARGET_NAME)";
				SWIFT_VERSION = 3.0;
				TEST_TARGET_NAME = MealFit;
			};
			name = Release;
		};
/* End XCBuildConfiguration section */

/* Begin XCConfigurationList section */
		3000F1401E034F4B00B00DB8 /* Build configuration list for PBXProject "MealFit" */ = {
			isa = XCConfigurationList;
			buildConfigurations = (
				3000F16D1E034F4B00B00DB8 /* Debug */,
				3000F16E1E034F4B00B00DB8 /* Release */,
			);
			defaultConfigurationIsVisible = 0;
			defaultConfigurationName = Release;
		};
		3000F16F1E034F4B00B00DB8 /* Build configuration list for PBXNativeTarget "MealFit" */ = {
			isa = XCConfigurationList;
			buildConfigurations = (
				3000F1701E034F4B00B00DB8 /* Debug */,
				3000F1711E034F4B00B00DB8 /* Release */,
			);
			defaultConfigurationIsVisible = 0;
			defaultConfigurationName = Release;
		};
		3000F1721E034F4B00B00DB8 /* Build configuration list for PBXNativeTarget "MealFitTests" */ = {
			isa = XCConfigurationList;
			buildConfigurations = (
				3000F1731E034F4B00B00DB8 /* Debug */,
				3000F1741E034F4B00B00DB8 /* Release */,
			);
			defaultConfigurationIsVisible = 0;
			defaultConfigurationName = Release;
		};
		3000F1751E034F4B00B00DB8 /* Build configuration list for PBXNativeTarget "MealFitUITests" */ = {
			isa = XCConfigurationList;
			buildConfigurations = (
				3000F1761E034F4B00B00DB8 /* Debug */,
				3000F1771E034F4B00B00DB8 /* Release */,
			);
			defaultConfigurationIsVisible = 0;
			defaultConfigurationName = Release;
		};
/* End XCConfigurationList section */
	};
	rootObject = 3000F13D1E034F4B00B00DB8 /* Project object */;
}
